
Microsoft Visual Studio Solution File, Format Version 12.00
# Visual Studio Version 16
VisualStudioVersion = 16.0.30320.27
MinimumVisualStudioVersion = 10.0.40219.1
Project("{FAE04EC0-301F-11D3-BF4B-00C04F79EFBC}") = "NotebookAPI", "NotebookAPI\NotebookAPI.csproj", "{11D3C182-D4C0-479E-B2FE-B6B3120B194D}"
EndProject
Global
	GlobalSection(SolutionConfigurationPlatforms) = preSolution
		Debug|Any CPU = Debug|Any CPU
		Release|Any CPU = Release|Any CPU
	EndGlobalSection
	GlobalSection(ProjectConfigurationPlatforms) = postSolution
		{11D3C182-D4C0-479E-B2FE-B6B3120B194D}.Debug|Any CPU.ActiveCfg = Debug|Any CPU
		{11D3C182-D4C0-479E-B2FE-B6B3120B194D}.Debug|Any CPU.Build.0 = Debug|Any CPU
		{11D3C182-D4C0-479E-B2FE-B6B3120B194D}.Release|Any CPU.ActiveCfg = Release|Any CPU
		{11D3C182-D4C0-479E-B2FE-B6B3120B194D}.Release|Any CPU.Build.0 = Release|Any CPU
	EndGlobalSection
	GlobalSection(SolutionProperties) = preSolution
		HideSolutionNode = FALSE
	EndGlobalSection
	GlobalSection(ExtensibilityGlobals) = postSolution
		SolutionGuid = {B327F097-C35D-474C-9864-6FB3332A6FD8}
	EndGlobalSection
EndGlobal
