
Microsoft Visual Studio Solution File, Format Version 12.00
# Visual Studio Version 16
VisualStudioVersion = 16.0.30523.141
MinimumVisualStudioVersion = 10.0.40219.1
Project("{9A19103F-16F7-4668-BE54-9A1E7A4F7556}") = "SignalrServerWebAPI", "SignalrServer\SignalrServerWebAPI.csproj", "{6C872237-76D9-47A1-AA5E-40327CDDA5D3}"
EndProject
Global
	GlobalSection(SolutionConfigurationPlatforms) = preSolution
		Debug|Any CPU = Debug|Any CPU
		Release|Any CPU = Release|Any CPU
	EndGlobalSection
	GlobalSection(ProjectConfigurationPlatforms) = postSolution
		{6C872237-76D9-47A1-AA5E-40327CDDA5D3}.Debug|Any CPU.ActiveCfg = Debug|Any CPU
		{6C872237-76D9-47A1-AA5E-40327CDDA5D3}.Debug|Any CPU.Build.0 = Debug|Any CPU
		{6C872237-76D9-47A1-AA5E-40327CDDA5D3}.Release|Any CPU.ActiveCfg = Release|Any CPU
		{6C872237-76D9-47A1-AA5E-40327CDDA5D3}.Release|Any CPU.Build.0 = Release|Any CPU
	EndGlobalSection
	GlobalSection(SolutionProperties) = preSolution
		HideSolutionNode = FALSE
	EndGlobalSection
	GlobalSection(ExtensibilityGlobals) = postSolution
		SolutionGuid = {2133CE0D-2C63-480F-86F3-2CDA871DDE1D}
	EndGlobalSection
EndGlobal
